
Microsoft Visual Studio Solution File, Format Version 12.00
# Visual Studio 15
VisualStudioVersion = 15.0.27130.2026
MinimumVisualStudioVersion = 10.0.40219.1
Project("{FAE04EC0-301F-11D3-BF4B-00C04F79EFBC}") = "CustomRenamer", "CustomRenamer.csproj", "{534CBED0-DF97-4085-8916-912BA52E08F0}"
EndProject
Project("{2150E333-8FDC-42A3-9474-1A3956D46DE8}") = "Shoko", "Shoko", "{B6F29A55-23B9-47DF-842C-20B5BEF1251D}"
EndProject
Project("{FAE04EC0-301F-11D3-BF4B-00C04F79EFBC}") = "Shoko.Server", "ShokoServer\Shoko.Server\Shoko.Server.csproj", "{DA8F0783-0F82-4106-9860-6F09BA2EA522}"
EndProject
Project("{FAE04EC0-301F-11D3-BF4B-00C04F79EFBC}") = "Shoko.Commons", "ShokoServer\Shoko.Commons\Shoko.Commons.csproj", "{E0399140-9902-4F38-909D-85E42717EC30}"
EndProject
Project("{FAE04EC0-301F-11D3-BF4B-00C04F79EFBC}") = "Shoko.Models", "ShokoServer\Shoko.Commons\Shoko.Models\Shoko.Models.csproj", "{F73F9DF6-580A-4341-B516-8717626F9D42}"
EndProject
Project("{2150E333-8FDC-42A3-9474-1A3956D46DE8}") = "CloudFileSystem", "CloudFileSystem", "{7B70F860-8E00-40F9-93B5-D6C5B687A651}"
	ProjectSection(SolutionItems) = preProject
		ShokoServer\CloudFileSystem\NutzCode.CloudFileSystem.sln = ShokoServer\CloudFileSystem\NutzCode.CloudFileSystem.sln
	EndProjectSection
EndProject
Project("{FAE04EC0-301F-11D3-BF4B-00C04F79EFBC}") = "NutzCode.CloudFileSystem", "ShokoServer\CloudFileSystem\NutzCode.CloudFileSystem\NutzCode.CloudFileSystem.csproj", "{29861D1A-968C-49CA-A637-88B391AA5063}"
EndProject
Project("{FAE04EC0-301F-11D3-BF4B-00C04F79EFBC}") = "NutzCode.CloudFileSystem.OAuth.Windows.Awesomium", "ShokoServer\CloudFileSystem\NutzCode.CloudFileSystem.OAuth.Windows.Awesomium\NutzCode.CloudFileSystem.OAuth.Windows.Awesomium.csproj", "{F9FF042F-F6E6-4C36-A917-34BF0F5AB187}"
EndProject
Project("{FAE04EC0-301F-11D3-BF4B-00C04F79EFBC}") = "NutzCode.CloudFileSystem.OAuth.Windows.WinForms", "ShokoServer\CloudFileSystem\NutzCode.CloudFileSystem.OAuth.Windows.WinForms\NutzCode.CloudFileSystem.OAuth.Windows.WinForms.csproj", "{DEC4BFB0-14CD-4622-B1E0-AC97ACA64F8F}"
EndProject
Project("{FAE04EC0-301F-11D3-BF4B-00C04F79EFBC}") = "NutzCode.CloudFileSystem.OAuth.Windows.WPF", "ShokoServer\CloudFileSystem\NutzCode.CloudFileSystem.OAuth.Windows.WPF\NutzCode.CloudFileSystem.OAuth.Windows.WPF.csproj", "{83727F74-6684-4B11-9158-B0BA1A60D8BE}"
EndProject
Project("{FAE04EC0-301F-11D3-BF4B-00C04F79EFBC}") = "NutzCode.CloudFileSystem.Plugins.AmazonCloudDrive", "ShokoServer\CloudFileSystem\NutzCode.CloudFileSystem.Plugins.AmazonCloudDrive\NutzCode.CloudFileSystem.Plugins.AmazonCloudDrive.csproj", "{D202B61E-A658-4208-83FC-745E04F43BDE}"
EndProject
Project("{FAE04EC0-301F-11D3-BF4B-00C04F79EFBC}") = "NutzCode.CloudFileSystem.Plugins.GoogleDrive", "ShokoServer\CloudFileSystem\NutzCode.CloudFileSystem.Plugins.GoogleDrive\NutzCode.CloudFileSystem.Plugins.GoogleDrive.csproj", "{964A62E6-2DAE-4723-926D-D3E9597B5213}"
EndProject
Project("{FAE04EC0-301F-11D3-BF4B-00C04F79EFBC}") = "NutzCode.CloudFileSystem.Plugins.LocalFileSystem", "ShokoServer\CloudFileSystem\NutzCode.CloudFileSystem.Plugins.LocalFileSystem\NutzCode.CloudFileSystem.Plugins.LocalFileSystem.csproj", "{2A705C96-21D4-4061-876F-1BB954E39D25}"
EndProject
Project("{FAE04EC0-301F-11D3-BF4B-00C04F79EFBC}") = "NutzCode.CloudFileSystem.Plugins.OneDrive", "ShokoServer\CloudFileSystem\NutzCode.CloudFileSystem.Plugins.OneDrive\NutzCode.CloudFileSystem.Plugins.OneDrive.csproj", "{D24D15AA-3E71-45A5-B2AF-7490681DEF68}"
EndProject
Project("{FAE04EC0-301F-11D3-BF4B-00C04F79EFBC}") = "NutzCode.Libraries.Web", "ShokoServer\CloudFileSystem\NutzCode.Libraries.Web\NutzCode.Libraries.Web.csproj", "{865C8B13-EB43-439E-9D69-CE7B54DCA4FF}"
EndProject
Global
	GlobalSection(SolutionConfigurationPlatforms) = preSolution
		Debug|Any CPU = Debug|Any CPU
		Debug|x64 = Debug|x64
		Debug|x86 = Debug|x86
		Release|Any CPU = Release|Any CPU
		Release|x64 = Release|x64
		Release|x86 = Release|x86
	EndGlobalSection
	GlobalSection(ProjectConfigurationPlatforms) = postSolution
		{534CBED0-DF97-4085-8916-912BA52E08F0}.Debug|Any CPU.ActiveCfg = Debug|Any CPU
		{534CBED0-DF97-4085-8916-912BA52E08F0}.Debug|Any CPU.Build.0 = Debug|Any CPU
		{534CBED0-DF97-4085-8916-912BA52E08F0}.Debug|x64.ActiveCfg = Debug|Any CPU
		{534CBED0-DF97-4085-8916-912BA52E08F0}.Debug|x64.Build.0 = Debug|Any CPU
		{534CBED0-DF97-4085-8916-912BA52E08F0}.Debug|x86.ActiveCfg = Debug|Any CPU
		{534CBED0-DF97-4085-8916-912BA52E08F0}.Debug|x86.Build.0 = Debug|Any CPU
		{534CBED0-DF97-4085-8916-912BA52E08F0}.Release|Any CPU.ActiveCfg = Release|Any CPU
		{534CBED0-DF97-4085-8916-912BA52E08F0}.Release|Any CPU.Build.0 = Release|Any CPU
		{534CBED0-DF97-4085-8916-912BA52E08F0}.Release|x64.ActiveCfg = Release|Any CPU
		{534CBED0-DF97-4085-8916-912BA52E08F0}.Release|x64.Build.0 = Release|Any CPU
		{534CBED0-DF97-4085-8916-912BA52E08F0}.Release|x86.ActiveCfg = Release|Any CPU
		{534CBED0-DF97-4085-8916-912BA52E08F0}.Release|x86.Build.0 = Release|Any CPU
		{DA8F0783-0F82-4106-9860-6F09BA2EA522}.Debug|Any CPU.ActiveCfg = Debug|Any CPU
		{DA8F0783-0F82-4106-9860-6F09BA2EA522}.Debug|Any CPU.Build.0 = Debug|Any CPU
		{DA8F0783-0F82-4106-9860-6F09BA2EA522}.Debug|x64.ActiveCfg = Debug|Any CPU
		{DA8F0783-0F82-4106-9860-6F09BA2EA522}.Debug|x64.Build.0 = Debug|Any CPU
		{DA8F0783-0F82-4106-9860-6F09BA2EA522}.Debug|x86.ActiveCfg = Debug|Any CPU
		{DA8F0783-0F82-4106-9860-6F09BA2EA522}.Debug|x86.Build.0 = Debug|Any CPU
		{DA8F0783-0F82-4106-9860-6F09BA2EA522}.Release|Any CPU.ActiveCfg = Release|Any CPU
		{DA8F0783-0F82-4106-9860-6F09BA2EA522}.Release|Any CPU.Build.0 = Release|Any CPU
		{DA8F0783-0F82-4106-9860-6F09BA2EA522}.Release|x64.ActiveCfg = Release|Any CPU
		{DA8F0783-0F82-4106-9860-6F09BA2EA522}.Release|x64.Build.0 = Release|Any CPU
		{DA8F0783-0F82-4106-9860-6F09BA2EA522}.Release|x86.ActiveCfg = Release|Any CPU
		{DA8F0783-0F82-4106-9860-6F09BA2EA522}.Release|x86.Build.0 = Release|Any CPU
		{E0399140-9902-4F38-909D-85E42717EC30}.Debug|Any CPU.ActiveCfg = Debug|Any CPU
		{E0399140-9902-4F38-909D-85E42717EC30}.Debug|Any CPU.Build.0 = Debug|Any CPU
		{E0399140-9902-4F38-909D-85E42717EC30}.Debug|x64.ActiveCfg = Debug|Any CPU
		{E0399140-9902-4F38-909D-85E42717EC30}.Debug|x64.Build.0 = Debug|Any CPU
		{E0399140-9902-4F38-909D-85E42717EC30}.Debug|x86.ActiveCfg = Debug|Any CPU
		{E0399140-9902-4F38-909D-85E42717EC30}.Debug|x86.Build.0 = Debug|Any CPU
		{E0399140-9902-4F38-909D-85E42717EC30}.Release|Any CPU.ActiveCfg = Release|Any CPU
		{E0399140-9902-4F38-909D-85E42717EC30}.Release|Any CPU.Build.0 = Release|Any CPU
		{E0399140-9902-4F38-909D-85E42717EC30}.Release|x64.ActiveCfg = Release|Any CPU
		{E0399140-9902-4F38-909D-85E42717EC30}.Release|x64.Build.0 = Release|Any CPU
		{E0399140-9902-4F38-909D-85E42717EC30}.Release|x86.ActiveCfg = Release|Any CPU
		{E0399140-9902-4F38-909D-85E42717EC30}.Release|x86.Build.0 = Release|Any CPU
		{F73F9DF6-580A-4341-B516-8717626F9D42}.Debug|Any CPU.ActiveCfg = Debug|Any CPU
		{F73F9DF6-580A-4341-B516-8717626F9D42}.Debug|Any CPU.Build.0 = Debug|Any CPU
		{F73F9DF6-580A-4341-B516-8717626F9D42}.Debug|x64.ActiveCfg = Debug|Any CPU
		{F73F9DF6-580A-4341-B516-8717626F9D42}.Debug|x64.Build.0 = Debug|Any CPU
		{F73F9DF6-580A-4341-B516-8717626F9D42}.Debug|x86.ActiveCfg = Debug|Any CPU
		{F73F9DF6-580A-4341-B516-8717626F9D42}.Debug|x86.Build.0 = Debug|Any CPU
		{F73F9DF6-580A-4341-B516-8717626F9D42}.Release|Any CPU.ActiveCfg = Release|Any CPU
		{F73F9DF6-580A-4341-B516-8717626F9D42}.Release|Any CPU.Build.0 = Release|Any CPU
		{F73F9DF6-580A-4341-B516-8717626F9D42}.Release|x64.ActiveCfg = Release|Any CPU
		{F73F9DF6-580A-4341-B516-8717626F9D42}.Release|x64.Build.0 = Release|Any CPU
		{F73F9DF6-580A-4341-B516-8717626F9D42}.Release|x86.ActiveCfg = Release|Any CPU
		{F73F9DF6-580A-4341-B516-8717626F9D42}.Release|x86.Build.0 = Release|Any CPU
		{29861D1A-968C-49CA-A637-88B391AA5063}.Debug|Any CPU.ActiveCfg = Debug|Any CPU
		{29861D1A-968C-49CA-A637-88B391AA5063}.Debug|Any CPU.Build.0 = Debug|Any CPU
		{29861D1A-968C-49CA-A637-88B391AA5063}.Debug|x64.ActiveCfg = Debug|Any CPU
		{29861D1A-968C-49CA-A637-88B391AA5063}.Debug|x64.Build.0 = Debug|Any CPU
		{29861D1A-968C-49CA-A637-88B391AA5063}.Debug|x86.ActiveCfg = Debug|Any CPU
		{29861D1A-968C-49CA-A637-88B391AA5063}.Debug|x86.Build.0 = Debug|Any CPU
		{29861D1A-968C-49CA-A637-88B391AA5063}.Release|Any CPU.ActiveCfg = Release|Any CPU
		{29861D1A-968C-49CA-A637-88B391AA5063}.Release|Any CPU.Build.0 = Release|Any CPU
		{29861D1A-968C-49CA-A637-88B391AA5063}.Release|x64.ActiveCfg = Release|Any CPU
		{29861D1A-968C-49CA-A637-88B391AA5063}.Release|x64.Build.0 = Release|Any CPU
		{29861D1A-968C-49CA-A637-88B391AA5063}.Release|x86.ActiveCfg = Release|Any CPU
		{29861D1A-968C-49CA-A637-88B391AA5063}.Release|x86.Build.0 = Release|Any CPU
		{F9FF042F-F6E6-4C36-A917-34BF0F5AB187}.Debug|Any CPU.ActiveCfg = Debug|Any CPU
		{F9FF042F-F6E6-4C36-A917-34BF0F5AB187}.Debug|Any CPU.Build.0 = Debug|Any CPU
		{F9FF042F-F6E6-4C36-A917-34BF0F5AB187}.Debug|x64.ActiveCfg = Debug|Any CPU
		{F9FF042F-F6E6-4C36-A917-34BF0F5AB187}.Debug|x64.Build.0 = Debug|Any CPU
		{F9FF042F-F6E6-4C36-A917-34BF0F5AB187}.Debug|x86.ActiveCfg = Debug|Any CPU
		{F9FF042F-F6E6-4C36-A917-34BF0F5AB187}.Debug|x86.Build.0 = Debug|Any CPU
		{F9FF042F-F6E6-4C36-A917-34BF0F5AB187}.Release|Any CPU.ActiveCfg = Release|Any CPU
		{F9FF042F-F6E6-4C36-A917-34BF0F5AB187}.Release|Any CPU.Build.0 = Release|Any CPU
		{F9FF042F-F6E6-4C36-A917-34BF0F5AB187}.Release|x64.ActiveCfg = Release|Any CPU
		{F9FF042F-F6E6-4C36-A917-34BF0F5AB187}.Release|x64.Build.0 = Release|Any CPU
		{F9FF042F-F6E6-4C36-A917-34BF0F5AB187}.Release|x86.ActiveCfg = Release|Any CPU
		{F9FF042F-F6E6-4C36-A917-34BF0F5AB187}.Release|x86.Build.0 = Release|Any CPU
		{DEC4BFB0-14CD-4622-B1E0-AC97ACA64F8F}.Debug|Any CPU.ActiveCfg = Debug|Any CPU
		{DEC4BFB0-14CD-4622-B1E0-AC97ACA64F8F}.Debug|Any CPU.Build.0 = Debug|Any CPU
		{DEC4BFB0-14CD-4622-B1E0-AC97ACA64F8F}.Debug|x64.ActiveCfg = Debug|Any CPU
		{DEC4BFB0-14CD-4622-B1E0-AC97ACA64F8F}.Debug|x64.Build.0 = Debug|Any CPU
		{DEC4BFB0-14CD-4622-B1E0-AC97ACA64F8F}.Debug|x86.ActiveCfg = Debug|Any CPU
		{DEC4BFB0-14CD-4622-B1E0-AC97ACA64F8F}.Debug|x86.Build.0 = Debug|Any CPU
		{DEC4BFB0-14CD-4622-B1E0-AC97ACA64F8F}.Release|Any CPU.ActiveCfg = Release|Any CPU
		{DEC4BFB0-14CD-4622-B1E0-AC97ACA64F8F}.Release|Any CPU.Build.0 = Release|Any CPU
		{DEC4BFB0-14CD-4622-B1E0-AC97ACA64F8F}.Release|x64.ActiveCfg = Release|Any CPU
		{DEC4BFB0-14CD-4622-B1E0-AC97ACA64F8F}.Release|x64.Build.0 = Release|Any CPU
		{DEC4BFB0-14CD-4622-B1E0-AC97ACA64F8F}.Release|x86.ActiveCfg = Release|Any CPU
		{DEC4BFB0-14CD-4622-B1E0-AC97ACA64F8F}.Release|x86.Build.0 = Release|Any CPU
		{83727F74-6684-4B11-9158-B0BA1A60D8BE}.Debug|Any CPU.ActiveCfg = Debug|Any CPU
		{83727F74-6684-4B11-9158-B0BA1A60D8BE}.Debug|Any CPU.Build.0 = Debug|Any CPU
		{83727F74-6684-4B11-9158-B0BA1A60D8BE}.Debug|x64.ActiveCfg = Debug|Any CPU
		{83727F74-6684-4B11-9158-B0BA1A60D8BE}.Debug|x64.Build.0 = Debug|Any CPU
		{83727F74-6684-4B11-9158-B0BA1A60D8BE}.Debug|x86.ActiveCfg = Debug|Any CPU
		{83727F74-6684-4B11-9158-B0BA1A60D8BE}.Debug|x86.Build.0 = Debug|Any CPU
		{83727F74-6684-4B11-9158-B0BA1A60D8BE}.Release|Any CPU.ActiveCfg = Release|Any CPU
		{83727F74-6684-4B11-9158-B0BA1A60D8BE}.Release|Any CPU.Build.0 = Release|Any CPU
		{83727F74-6684-4B11-9158-B0BA1A60D8BE}.Release|x64.ActiveCfg = Release|Any CPU
		{83727F74-6684-4B11-9158-B0BA1A60D8BE}.Release|x64.Build.0 = Release|Any CPU
		{83727F74-6684-4B11-9158-B0BA1A60D8BE}.Release|x86.ActiveCfg = Release|Any CPU
		{83727F74-6684-4B11-9158-B0BA1A60D8BE}.Release|x86.Build.0 = Release|Any CPU
		{D202B61E-A658-4208-83FC-745E04F43BDE}.Debug|Any CPU.ActiveCfg = Debug|Any CPU
		{D202B61E-A658-4208-83FC-745E04F43BDE}.Debug|Any CPU.Build.0 = Debug|Any CPU
		{D202B61E-A658-4208-83FC-745E04F43BDE}.Debug|x64.ActiveCfg = Debug|x64
		{D202B61E-A658-4208-83FC-745E04F43BDE}.Debug|x64.Build.0 = Debug|x64
		{D202B61E-A658-4208-83FC-745E04F43BDE}.Debug|x86.ActiveCfg = Debug|x86
		{D202B61E-A658-4208-83FC-745E04F43BDE}.Debug|x86.Build.0 = Debug|x86
		{D202B61E-A658-4208-83FC-745E04F43BDE}.Release|Any CPU.ActiveCfg = Release|Any CPU
		{D202B61E-A658-4208-83FC-745E04F43BDE}.Release|Any CPU.Build.0 = Release|Any CPU
		{D202B61E-A658-4208-83FC-745E04F43BDE}.Release|x64.ActiveCfg = Release|x64
		{D202B61E-A658-4208-83FC-745E04F43BDE}.Release|x64.Build.0 = Release|x64
		{D202B61E-A658-4208-83FC-745E04F43BDE}.Release|x86.ActiveCfg = Release|x86
		{D202B61E-A658-4208-83FC-745E04F43BDE}.Release|x86.Build.0 = Release|x86
		{964A62E6-2DAE-4723-926D-D3E9597B5213}.Debug|Any CPU.ActiveCfg = Debug|Any CPU
		{964A62E6-2DAE-4723-926D-D3E9597B5213}.Debug|Any CPU.Build.0 = Debug|Any CPU
		{964A62E6-2DAE-4723-926D-D3E9597B5213}.Debug|x64.ActiveCfg = Debug|Any CPU
		{964A62E6-2DAE-4723-926D-D3E9597B5213}.Debug|x64.Build.0 = Debug|Any CPU
		{964A62E6-2DAE-4723-926D-D3E9597B5213}.Debug|x86.ActiveCfg = Debug|Any CPU
		{964A62E6-2DAE-4723-926D-D3E9597B5213}.Debug|x86.Build.0 = Debug|Any CPU
		{964A62E6-2DAE-4723-926D-D3E9597B5213}.Release|Any CPU.ActiveCfg = Release|Any CPU
		{964A62E6-2DAE-4723-926D-D3E9597B5213}.Release|Any CPU.Build.0 = Release|Any CPU
		{964A62E6-2DAE-4723-926D-D3E9597B5213}.Release|x64.ActiveCfg = Release|Any CPU
		{964A62E6-2DAE-4723-926D-D3E9597B5213}.Release|x64.Build.0 = Release|Any CPU
		{964A62E6-2DAE-4723-926D-D3E9597B5213}.Release|x86.ActiveCfg = Release|Any CPU
		{964A62E6-2DAE-4723-926D-D3E9597B5213}.Release|x86.Build.0 = Release|Any CPU
		{2A705C96-21D4-4061-876F-1BB954E39D25}.Debug|Any CPU.ActiveCfg = Debug|Any CPU
		{2A705C96-21D4-4061-876F-1BB954E39D25}.Debug|Any CPU.Build.0 = Debug|Any CPU
		{2A705C96-21D4-4061-876F-1BB954E39D25}.Debug|x64.ActiveCfg = Debug|Any CPU
		{2A705C96-21D4-4061-876F-1BB954E39D25}.Debug|x64.Build.0 = Debug|Any CPU
		{2A705C96-21D4-4061-876F-1BB954E39D25}.Debug|x86.ActiveCfg = Debug|Any CPU
		{2A705C96-21D4-4061-876F-1BB954E39D25}.Debug|x86.Build.0 = Debug|Any CPU
		{2A705C96-21D4-4061-876F-1BB954E39D25}.Release|Any CPU.ActiveCfg = Release|Any CPU
		{2A705C96-21D4-4061-876F-1BB954E39D25}.Release|Any CPU.Build.0 = Release|Any CPU
		{2A705C96-21D4-4061-876F-1BB954E39D25}.Release|x64.ActiveCfg = Release|Any CPU
		{2A705C96-21D4-4061-876F-1BB954E39D25}.Release|x64.Build.0 = Release|Any CPU
		{2A705C96-21D4-4061-876F-1BB954E39D25}.Release|x86.ActiveCfg = Release|Any CPU
		{2A705C96-21D4-4061-876F-1BB954E39D25}.Release|x86.Build.0 = Release|Any CPU
		{D24D15AA-3E71-45A5-B2AF-7490681DEF68}.Debug|Any CPU.ActiveCfg = Debug|Any CPU
		{D24D15AA-3E71-45A5-B2AF-7490681DEF68}.Debug|Any CPU.Build.0 = Debug|Any CPU
		{D24D15AA-3E71-45A5-B2AF-7490681DEF68}.Debug|x64.ActiveCfg = Debug|Any CPU
		{D24D15AA-3E71-45A5-B2AF-7490681DEF68}.Debug|x64.Build.0 = Debug|Any CPU
		{D24D15AA-3E71-45A5-B2AF-7490681DEF68}.Debug|x86.ActiveCfg = Debug|Any CPU
		{D24D15AA-3E71-45A5-B2AF-7490681DEF68}.Debug|x86.Build.0 = Debug|Any CPU
		{D24D15AA-3E71-45A5-B2AF-7490681DEF68}.Release|Any CPU.ActiveCfg = Release|Any CPU
		{D24D15AA-3E71-45A5-B2AF-7490681DEF68}.Release|Any CPU.Build.0 = Release|Any CPU
		{D24D15AA-3E71-45A5-B2AF-7490681DEF68}.Release|x64.ActiveCfg = Release|Any CPU
		{D24D15AA-3E71-45A5-B2AF-7490681DEF68}.Release|x64.Build.0 = Release|Any CPU
		{D24D15AA-3E71-45A5-B2AF-7490681DEF68}.Release|x86.ActiveCfg = Release|Any CPU
		{D24D15AA-3E71-45A5-B2AF-7490681DEF68}.Release|x86.Build.0 = Release|Any CPU
		{865C8B13-EB43-439E-9D69-CE7B54DCA4FF}.Debug|Any CPU.ActiveCfg = Debug|Any CPU
		{865C8B13-EB43-439E-9D69-CE7B54DCA4FF}.Debug|Any CPU.Build.0 = Debug|Any CPU
		{865C8B13-EB43-439E-9D69-CE7B54DCA4FF}.Debug|x64.ActiveCfg = Debug|Any CPU
		{865C8B13-EB43-439E-9D69-CE7B54DCA4FF}.Debug|x64.Build.0 = Debug|Any CPU
		{865C8B13-EB43-439E-9D69-CE7B54DCA4FF}.Debug|x86.ActiveCfg = Debug|Any CPU
		{865C8B13-EB43-439E-9D69-CE7B54DCA4FF}.Debug|x86.Build.0 = Debug|Any CPU
		{865C8B13-EB43-439E-9D69-CE7B54DCA4FF}.Release|Any CPU.ActiveCfg = Release|Any CPU
		{865C8B13-EB43-439E-9D69-CE7B54DCA4FF}.Release|Any CPU.Build.0 = Release|Any CPU
		{865C8B13-EB43-439E-9D69-CE7B54DCA4FF}.Release|x64.ActiveCfg = Release|Any CPU
		{865C8B13-EB43-439E-9D69-CE7B54DCA4FF}.Release|x64.Build.0 = Release|Any CPU
		{865C8B13-EB43-439E-9D69-CE7B54DCA4FF}.Release|x86.ActiveCfg = Release|Any CPU
		{865C8B13-EB43-439E-9D69-CE7B54DCA4FF}.Release|x86.Build.0 = Release|Any CPU
	EndGlobalSection
	GlobalSection(SolutionProperties) = preSolution
		HideSolutionNode = FALSE
	EndGlobalSection
	GlobalSection(NestedProjects) = preSolution
		{DA8F0783-0F82-4106-9860-6F09BA2EA522} = {B6F29A55-23B9-47DF-842C-20B5BEF1251D}
		{E0399140-9902-4F38-909D-85E42717EC30} = {B6F29A55-23B9-47DF-842C-20B5BEF1251D}
		{F73F9DF6-580A-4341-B516-8717626F9D42} = {B6F29A55-23B9-47DF-842C-20B5BEF1251D}
		{7B70F860-8E00-40F9-93B5-D6C5B687A651} = {B6F29A55-23B9-47DF-842C-20B5BEF1251D}
		{29861D1A-968C-49CA-A637-88B391AA5063} = {7B70F860-8E00-40F9-93B5-D6C5B687A651}
		{F9FF042F-F6E6-4C36-A917-34BF0F5AB187} = {7B70F860-8E00-40F9-93B5-D6C5B687A651}
		{DEC4BFB0-14CD-4622-B1E0-AC97ACA64F8F} = {7B70F860-8E00-40F9-93B5-D6C5B687A651}
		{83727F74-6684-4B11-9158-B0BA1A60D8BE} = {7B70F860-8E00-40F9-93B5-D6C5B687A651}
		{D202B61E-A658-4208-83FC-745E04F43BDE} = {7B70F860-8E00-40F9-93B5-D6C5B687A651}
		{964A62E6-2DAE-4723-926D-D3E9597B5213} = {7B70F860-8E00-40F9-93B5-D6C5B687A651}
		{2A705C96-21D4-4061-876F-1BB954E39D25} = {7B70F860-8E00-40F9-93B5-D6C5B687A651}
		{D24D15AA-3E71-45A5-B2AF-7490681DEF68} = {7B70F860-8E00-40F9-93B5-D6C5B687A651}
		{865C8B13-EB43-439E-9D69-CE7B54DCA4FF} = {7B70F860-8E00-40F9-93B5-D6C5B687A651}
	EndGlobalSection
	GlobalSection(ExtensibilityGlobals) = postSolution
		SolutionGuid = {9D04ED1A-9517-4C3B-9E3E-D2365206D349}
	EndGlobalSection
EndGlobal
